{
  "name": "http2-push-example",
  "version": "1.0.0",
  "lockfileVersion": 1,
  "requires": true,
  "dependencies": {
    "http2": {
      "version": "3.3.6",
      "resolved": "https://registry.npmjs.org/http2/-/http2-3.3.6.tgz",
      "integrity": "sha1-ffBiJ+ArW1pYQd7qCCObMZjQS+w="
    }
  }
}
